
Microsoft Visual Studio Solution File, Format Version 12.00
# Visual Studio Version 16
VisualStudioVersion = 16.0.29806.167
MinimumVisualStudioVersion = 10.0.40219.1
Project("{8BC9CEB8-8B4A-11D0-8D11-00A0C91BC942}") = "Pistol Whip Mod Scene Loader", "Pistol Whip Mod Scene Loader\Pistol Whip Mod Scene Loader.vcxproj", "{BCE0D239-0F74-44E6-98CD-44CD3AEF4DF9}"
EndProject
Global
	GlobalSection(SolutionConfigurationPlatforms) = preSolution
		Debug|x64 = Debug|x64
		Debug|x86 = Debug|x86
		Release|x64 = Release|x64
		Release|x86 = Release|x86
	EndGlobalSection
	GlobalSection(ProjectConfigurationPlatforms) = postSolution
		{BCE0D239-0F74-44E6-98CD-44CD3AEF4DF9}.Debug|x64.ActiveCfg = Debug|x64
		{BCE0D239-0F74-44E6-98CD-44CD3AEF4DF9}.Debug|x64.Build.0 = Debug|x64
		{BCE0D239-0F74-44E6-98CD-44CD3AEF4DF9}.Debug|x86.ActiveCfg = Debug|Win32
		{BCE0D239-0F74-44E6-98CD-44CD3AEF4DF9}.Debug|x86.Build.0 = Debug|Win32
		{BCE0D239-0F74-44E6-98CD-44CD3AEF4DF9}.Release|x64.ActiveCfg = Release|x64
		{BCE0D239-0F74-44E6-98CD-44CD3AEF4DF9}.Release|x64.Build.0 = Release|x64
		{BCE0D239-0F74-44E6-98CD-44CD3AEF4DF9}.Release|x86.ActiveCfg = Release|Win32
		{BCE0D239-0F74-44E6-98CD-44CD3AEF4DF9}.Release|x86.Build.0 = Release|Win32
	EndGlobalSection
	GlobalSection(SolutionProperties) = preSolution
		HideSolutionNode = FALSE
	EndGlobalSection
	GlobalSection(ExtensibilityGlobals) = postSolution
		SolutionGuid = {BD092124-7071-4F63-9939-ACA5879EC5DD}
	EndGlobalSection
EndGlobal
