
Microsoft Visual Studio Solution File, Format Version 12.00
# Visual Studio Version 16
VisualStudioVersion = 16.0.29806.167
MinimumVisualStudioVersion = 10.0.40219.1
Project("{8BC9CEB8-8B4A-11D0-8D11-00A0C91BC942}") = "Pistol Whip Mod Scene Loader", "Pistol Whip Mod Scene Loader\Pistol Whip Mod Scene Loader.vcxproj", "{BCE0D239-0F74-44E6-98CD-44CD3AEF4DF9}"
EndProject
Project("{FAE04EC0-301F-11D3-BF4B-00C04F79EFBC}") = "Pistol Whip Scene Loader", "Pistol Whip Scene Loader\Pistol Whip Scene Loader.csproj", "{8D7D7931-41C7-481B-BDCE-D982CEDD4F7C}"
EndProject
Global
	GlobalSection(SolutionConfigurationPlatforms) = preSolution
		Debug|Any CPU = Debug|Any CPU
		Debug|x64 = Debug|x64
		Debug|x86 = Debug|x86
		Release|Any CPU = Release|Any CPU
		Release|x64 = Release|x64
		Release|x86 = Release|x86
	EndGlobalSection
	GlobalSection(ProjectConfigurationPlatforms) = postSolution
		{BCE0D239-0F74-44E6-98CD-44CD3AEF4DF9}.Debug|Any CPU.ActiveCfg = Debug|Win32
		{BCE0D239-0F74-44E6-98CD-44CD3AEF4DF9}.Debug|x64.ActiveCfg = Debug|x64
		{BCE0D239-0F74-44E6-98CD-44CD3AEF4DF9}.Debug|x64.Build.0 = Debug|x64
		{BCE0D239-0F74-44E6-98CD-44CD3AEF4DF9}.Debug|x86.ActiveCfg = Debug|Win32
		{BCE0D239-0F74-44E6-98CD-44CD3AEF4DF9}.Debug|x86.Build.0 = Debug|Win32
		{BCE0D239-0F74-44E6-98CD-44CD3AEF4DF9}.Release|Any CPU.ActiveCfg = Release|Win32
		{BCE0D239-0F74-44E6-98CD-44CD3AEF4DF9}.Release|x64.ActiveCfg = Release|x64
		{BCE0D239-0F74-44E6-98CD-44CD3AEF4DF9}.Release|x64.Build.0 = Release|x64
		{BCE0D239-0F74-44E6-98CD-44CD3AEF4DF9}.Release|x86.ActiveCfg = Release|Win32
		{BCE0D239-0F74-44E6-98CD-44CD3AEF4DF9}.Release|x86.Build.0 = Release|Win32
		{8D7D7931-41C7-481B-BDCE-D982CEDD4F7C}.Debug|Any CPU.ActiveCfg = Debug|Any CPU
		{8D7D7931-41C7-481B-BDCE-D982CEDD4F7C}.Debug|Any CPU.Build.0 = Debug|Any CPU
		{8D7D7931-41C7-481B-BDCE-D982CEDD4F7C}.Debug|x64.ActiveCfg = Debug|Any CPU
		{8D7D7931-41C7-481B-BDCE-D982CEDD4F7C}.Debug|x64.Build.0 = Debug|Any CPU
		{8D7D7931-41C7-481B-BDCE-D982CEDD4F7C}.Debug|x86.ActiveCfg = Debug|Any CPU
		{8D7D7931-41C7-481B-BDCE-D982CEDD4F7C}.Debug|x86.Build.0 = Debug|Any CPU
		{8D7D7931-41C7-481B-BDCE-D982CEDD4F7C}.Release|Any CPU.ActiveCfg = Release|Any CPU
		{8D7D7931-41C7-481B-BDCE-D982CEDD4F7C}.Release|Any CPU.Build.0 = Release|Any CPU
		{8D7D7931-41C7-481B-BDCE-D982CEDD4F7C}.Release|x64.ActiveCfg = Release|Any CPU
		{8D7D7931-41C7-481B-BDCE-D982CEDD4F7C}.Release|x64.Build.0 = Release|Any CPU
		{8D7D7931-41C7-481B-BDCE-D982CEDD4F7C}.Release|x86.ActiveCfg = Release|Any CPU
		{8D7D7931-41C7-481B-BDCE-D982CEDD4F7C}.Release|x86.Build.0 = Release|Any CPU
	EndGlobalSection
	GlobalSection(SolutionProperties) = preSolution
		HideSolutionNode = FALSE
	EndGlobalSection
	GlobalSection(ExtensibilityGlobals) = postSolution
		SolutionGuid = {BD092124-7071-4F63-9939-ACA5879EC5DD}
	EndGlobalSection
EndGlobal
