<?xml version="1.0" encoding="utf-8"?>
<Project ToolsVersion="4.0" xmlns="http://schemas.microsoft.com/developer/msbuild/2003">
  <ItemGroup>
    <Filter Include="Source Files">
      <UniqueIdentifier>{4FC737F1-C7A5-4376-A066-2A32D752A2FF}</UniqueIdentifier>
      <Extensions>cpp;c;cc;cxx;def;odl;idl;hpj;bat;asm;asmx</Extensions>
    </Filter>
    <Filter Include="Header Files">
      <UniqueIdentifier>{93995380-89BD-4b04-88EB-625FBE52EBFB}</UniqueIdentifier>
      <Extensions>h;hh;hpp;hxx;hm;inl;inc;ipp;xsd</Extensions>
    </Filter>
    <Filter Include="Resource Files">
      <UniqueIdentifier>{67DA6AB6-F800-4c08-8B7A-83BB121AAD01}</UniqueIdentifier>
      <Extensions>rc;ico;cur;bmp;dlg;rc2;rct;bin;rgs;gif;jpg;jpeg;jpe;resx;tiff;tif;png;wav;mfcribbon-ms</Extensions>
    </Filter>
    <Filter Include="Header Files\hooks">
      <UniqueIdentifier>{54af614b-1db8-4c81-9238-77d495c5ee2e}</UniqueIdentifier>
    </Filter>
    <Filter Include="Source Files\hooks">
      <UniqueIdentifier>{6d399134-8c95-4ba1-8c27-6e4f4b28c794}</UniqueIdentifier>
    </Filter>
    <Filter Include="Source Files\game">
      <UniqueIdentifier>{c5f5bed3-971d-4b75-8aba-841eaa544495}</UniqueIdentifier>
    </Filter>
    <Filter Include="Header Files\game">
      <UniqueIdentifier>{8e2843e5-ffaf-41a8-ad1d-dcb3f0d958e0}</UniqueIdentifier>
    </Filter>
    <Filter Include="Header Files\utils">
      <UniqueIdentifier>{799f4aa8-c37b-484b-b983-6ca4ce249878}</UniqueIdentifier>
    </Filter>
    <Filter Include="Source Files\utils">
      <UniqueIdentifier>{ddbf7c72-d6b0-44e3-92fd-c6b584a23abe}</UniqueIdentifier>
    </Filter>
    <Filter Include="Header Files\hooks\music">
      <UniqueIdentifier>{3e752140-5e26-4f06-a819-1bc6ab686a67}</UniqueIdentifier>
    </Filter>
    <Filter Include="Source Files\hooks\music">
      <UniqueIdentifier>{7c24ddb0-cad6-400d-ba91-18bfa1ee1dff}</UniqueIdentifier>
    </Filter>
    <Filter Include="Header Files\utils\unityhelper">
      <UniqueIdentifier>{e2c44021-a663-43ce-bc4b-200e631ebff4}</UniqueIdentifier>
    </Filter>
    <Filter Include="Source Files\utils\unityhelper">
      <UniqueIdentifier>{a2ad8ad8-7f7a-47bf-b071-b2d0b41da3cb}</UniqueIdentifier>
    </Filter>
  </ItemGroup>
  <ItemGroup>
    <ClCompile Include="dllmain.cpp">
      <Filter>Source Files</Filter>
    </ClCompile>
    <ClCompile Include="pch.cpp">
      <Filter>Source Files</Filter>
    </ClCompile>
    <ClCompile Include="Mod.cpp">
      <Filter>Source Files</Filter>
    </ClCompile>
    <ClCompile Include="LevelDatabase.cpp">
      <Filter>Source Files\hooks</Filter>
    </ClCompile>
    <ClCompile Include="GameManager.cpp">
      <Filter>Source Files\hooks</Filter>
    </ClCompile>
    <ClCompile Include="SongSelectionUIController.cpp">
      <Filter>Source Files\hooks</Filter>
    </ClCompile>
    <ClCompile Include="SceneManager.cpp">
      <Filter>Source Files\hooks</Filter>
    </ClCompile>
    <ClCompile Include="LevelSelectTrigger.cpp">
      <Filter>Source Files\hooks</Filter>
    </ClCompile>
    <ClCompile Include="LevelManager.cpp">
      <Filter>Source Files\hooks</Filter>
    </ClCompile>
    <ClCompile Include="Mesh.cpp">
      <Filter>Source Files\game</Filter>
    </ClCompile>
    <ClCompile Include="il2cpp_functions.cpp">
      <Filter>Source Files\utils</Filter>
    </ClCompile>
    <ClCompile Include="il2cpp_utils.cpp">
      <Filter>Source Files\utils</Filter>
    </ClCompile>
    <ClCompile Include="utils.cpp">
      <Filter>Source Files\utils</Filter>
    </ClCompile>
    <ClCompile Include="logger.cpp">
      <Filter>Source Files\utils</Filter>
    </ClCompile>
    <ClCompile Include="Libraries\WavLoader.cpp">
      <Filter>Source Files\utils</Filter>
    </ClCompile>
    <ClCompile Include="SimpleMusicPlayer.cpp">
      <Filter>Source Files\hooks\music</Filter>
    </ClCompile>
    <ClCompile Include="TrackData.cpp">
      <Filter>Source Files\game</Filter>
    </ClCompile>
    <ClCompile Include="BeatData.cpp">
      <Filter>Source Files</Filter>
    </ClCompile>
    <ClCompile Include="WorldObject.cpp">
      <Filter>Source Files\game</Filter>
    </ClCompile>
    <ClCompile Include="GeoSet.cpp">
      <Filter>Source Files\game</Filter>
    </ClCompile>
    <ClCompile Include="AssetBundle.cpp">
      <Filter>Source Files\utils\unityhelper</Filter>
    </ClCompile>
    <ClCompile Include="MultiMusicPlayer.cpp">
      <Filter>Source Files\hooks\music</Filter>
    </ClCompile>
    <ClCompile Include="PlaySound.cpp">
      <Filter>Source Files\hooks\music</Filter>
    </ClCompile>
    <ClCompile Include="LevelData.cpp">
      <Filter>Source Files\game</Filter>
    </ClCompile>
    <ClCompile Include="ColorShiftPoint.cpp">
      <Filter>Source Files\game</Filter>
    </ClCompile>
    <ClCompile Include="WorldRegion.cpp">
      <Filter>Source Files\game</Filter>
    </ClCompile>
  </ItemGroup>
  <ItemGroup>
    <ClInclude Include="framework.h">
      <Filter>Header Files</Filter>
    </ClInclude>
    <ClInclude Include="pch.h">
      <Filter>Header Files</Filter>
    </ClInclude>
    <ClInclude Include="Mod.h">
      <Filter>Header Files</Filter>
    </ClInclude>
    <ClInclude Include="GameManager.hpp">
      <Filter>Header Files\hooks</Filter>
    </ClInclude>
    <ClInclude Include="LevelDatabase.hpp">
      <Filter>Header Files\hooks</Filter>
    </ClInclude>
    <ClInclude Include="SongSelectionUIController.hpp">
      <Filter>Header Files\hooks</Filter>
    </ClInclude>
    <ClInclude Include="SceneManager.hpp">
      <Filter>Header Files\hooks</Filter>
    </ClInclude>
    <ClInclude Include="LevelSelectTrigger.hpp">
      <Filter>Header Files\hooks</Filter>
    </ClInclude>
    <ClInclude Include="LevelManager.hpp">
      <Filter>Header Files\hooks</Filter>
    </ClInclude>
    <ClInclude Include="List.hpp">
      <Filter>Header Files\game</Filter>
    </ClInclude>
    <ClInclude Include="Mesh.hpp">
      <Filter>Header Files\game</Filter>
    </ClInclude>
    <ClInclude Include="GeoSet.hpp">
      <Filter>Header Files\game</Filter>
    </ClInclude>
    <ClInclude Include="typedefs.h">
      <Filter>Header Files\utils</Filter>
    </ClInclude>
    <ClInclude Include="il2cpp_utils.hpp">
      <Filter>Header Files\utils</Filter>
    </ClInclude>
    <ClInclude Include="il2cpp_functions.hpp">
      <Filter>Header Files\utils</Filter>
    </ClInclude>
    <ClInclude Include="utils.h">
      <Filter>Header Files\utils</Filter>
    </ClInclude>
    <ClInclude Include="utils-functions.hpp">
      <Filter>Header Files\utils</Filter>
    </ClInclude>
    <ClInclude Include="logger.h">
      <Filter>Header Files\utils</Filter>
    </ClInclude>
    <ClInclude Include="json.hpp">
      <Filter>Header Files\utils</Filter>
    </ClInclude>
    <ClInclude Include="WorldObject.hpp">
      <Filter>Header Files\game</Filter>
    </ClInclude>
    <ClInclude Include="AudioClip.hpp">
      <Filter>Header Files\game</Filter>
    </ClInclude>
    <ClInclude Include="Libraries\WavLoader.hpp">
      <Filter>Header Files\utils</Filter>
    </ClInclude>
    <ClInclude Include="SimpleMusicPlayer.hpp">
      <Filter>Header Files\hooks\music</Filter>
    </ClInclude>
    <ClInclude Include="TrackData.hpp">
      <Filter>Header Files\game</Filter>
    </ClInclude>
    <ClInclude Include="BeatData.hpp">
      <Filter>Header Files\game</Filter>
    </ClInclude>
    <ClInclude Include="ColorShiftPoint.hpp">
      <Filter>Header Files\game</Filter>
    </ClInclude>
    <ClInclude Include="AssetBundle.hpp">
      <Filter>Header Files\utils\unityhelper</Filter>
    </ClInclude>
    <ClInclude Include="GameObject.hpp">
      <Filter>Header Files\utils\unityhelper</Filter>
    </ClInclude>
    <ClInclude Include="LODSwitcher.hpp">
      <Filter>Header Files\game</Filter>
    </ClInclude>
    <ClInclude Include="MultiMusicPlayer.hpp">
      <Filter>Header Files\hooks\music</Filter>
    </ClInclude>
    <ClInclude Include="PlaySound.hpp">
      <Filter>Header Files\hooks\music</Filter>
    </ClInclude>
    <ClInclude Include="LevelData.hpp">
      <Filter>Header Files\game</Filter>
    </ClInclude>
    <ClInclude Include="WorldRegion.hpp">
      <Filter>Header Files\game</Filter>
    </ClInclude>
  </ItemGroup>
  <ItemGroup>
    <Text Include="..\TODO.txt" />
  </ItemGroup>
</Project>